
Microsoft Visual Studio Solution File, Format Version 12.00
# Visual Studio Version 17
VisualStudioVersion = 17.6.33829.357
MinimumVisualStudioVersion = 10.0.40219.1
Project("{FAE04EC0-301F-11D3-BF4B-00C04F79EFBC}") = "Asp.net web api project", "Asp.net web api project\Asp.net web api project.csproj", "{5A0B3523-AAE5-4D02-9CE9-A38C7A281659}"
EndProject
Global
	GlobalSection(SolutionConfigurationPlatforms) = preSolution
		Debug|Any CPU = Debug|Any CPU
		Release|Any CPU = Release|Any CPU
	EndGlobalSection
	GlobalSection(ProjectConfigurationPlatforms) = postSolution
		{5A0B3523-AAE5-4D02-9CE9-A38C7A281659}.Debug|Any CPU.ActiveCfg = Debug|Any CPU
		{5A0B3523-AAE5-4D02-9CE9-A38C7A281659}.Debug|Any CPU.Build.0 = Debug|Any CPU
		{5A0B3523-AAE5-4D02-9CE9-A38C7A281659}.Release|Any CPU.ActiveCfg = Release|Any CPU
		{5A0B3523-AAE5-4D02-9CE9-A38C7A281659}.Release|Any CPU.Build.0 = Release|Any CPU
	EndGlobalSection
	GlobalSection(SolutionProperties) = preSolution
		HideSolutionNode = FALSE
	EndGlobalSection
	GlobalSection(ExtensibilityGlobals) = postSolution
		SolutionGuid = {4A89D618-65B0-4B13-B108-DAC3FDC58F7C}
	EndGlobalSection
EndGlobal
